
Microsoft Visual Studio Solution File, Format Version 12.00
# Visual Studio Version 17
VisualStudioVersion = 17.5.33530.505
MinimumVisualStudioVersion = 10.0.40219.1
Project("{FAE04EC0-301F-11D3-BF4B-00C04F79EFBC}") = "WFAOgrenciOtomasyonSistemi", "WFAOgrenciOtomasyonSistemi\WFAOgrenciOtomasyonSistemi.csproj", "{86335009-408F-4A36-B614-55E6782A522B}"
EndProject
Project("{FAE04EC0-301F-11D3-BF4B-00C04F79EFBC}") = "OgrenciVeri", "OkulVeri\OgrenciVeri.csproj", "{8C41BCC5-345F-4EE5-B00D-39D06485FAE4}"
EndProject
Global
	GlobalSection(SolutionConfigurationPlatforms) = preSolution
		Debug|Any CPU = Debug|Any CPU
		Release|Any CPU = Release|Any CPU
	EndGlobalSection
	GlobalSection(ProjectConfigurationPlatforms) = postSolution
		{86335009-408F-4A36-B614-55E6782A522B}.Debug|Any CPU.ActiveCfg = Debug|Any CPU
		{86335009-408F-4A36-B614-55E6782A522B}.Debug|Any CPU.Build.0 = Debug|Any CPU
		{86335009-408F-4A36-B614-55E6782A522B}.Release|Any CPU.ActiveCfg = Release|Any CPU
		{86335009-408F-4A36-B614-55E6782A522B}.Release|Any CPU.Build.0 = Release|Any CPU
		{8C41BCC5-345F-4EE5-B00D-39D06485FAE4}.Debug|Any CPU.ActiveCfg = Debug|Any CPU
		{8C41BCC5-345F-4EE5-B00D-39D06485FAE4}.Debug|Any CPU.Build.0 = Debug|Any CPU
		{8C41BCC5-345F-4EE5-B00D-39D06485FAE4}.Release|Any CPU.ActiveCfg = Release|Any CPU
		{8C41BCC5-345F-4EE5-B00D-39D06485FAE4}.Release|Any CPU.Build.0 = Release|Any CPU
	EndGlobalSection
	GlobalSection(SolutionProperties) = preSolution
		HideSolutionNode = FALSE
	EndGlobalSection
	GlobalSection(ExtensibilityGlobals) = postSolution
		SolutionGuid = {6845FE59-A16E-45F9-A475-3B38719988F3}
	EndGlobalSection
EndGlobal
